github.com/davecgh/go-spew v1.1.0/go.mod h1:J7Y8YcW2NihsgmVo/mv3lAwl/skON4iLHjSsI+c5H38=
github.com/davecgh/go-spew v1.1.1 h1:vj9j/u1bqnvCEfJOwUhtlOARqs3+rkHYY13jYWTU97c=
github.com/davecgh/go-spew v1.1.1/go.mod h1:J7Y8YcW2NihsgmVo/mv3lAwl/skON4iLHjSsI+c5H38=
github.com/iotaledger/trie.go v0.0.0-20221017180736-eebf1ccb33e4 h1:uVEm48KV1OAyFGsdLL2hwtBbFIpTK0Sbl8kdfszgrxg=
github.com/iotaledger/trie.go v0.0.0-20221017180736-eebf1ccb33e4/go.mod h1:PiH9j3MVFwSwF/5Ttcwgz1PatJYggmmGb4H3UZGueJo=
github.com/lunfardo314/easyfl v0.0.0-20221025065751-ffddfa7801e4 h1:cA8xhM3Hl0V+XwHRt81sIvMQkCibiISV0gx7qkDYB9A=
github.com/lunfardo314/easyfl v0.0.0-20221025065751-ffddfa7801e4/go.mod h1:1JSOOW2hpxBfv119SqPEcaIsOU8j+9B5nxUragD8qJM=
github.com/lunfardo314/easyfl v0.0.0-20221026071451-10d391293af6 h1:VqdKv72MOiarwBnDt3BAGBnWBhPiD5XYjkBZH1SOZT4=
github.com/lunfardo314/easyfl v0.0.0-20221026071451-10d391293af6/go.mod h1:1JSOOW2hpxBfv119SqPEcaIsOU8j+9B5nxUragD8qJM=
github.com/lunfardo314/easyfl v0.0.0-20221026073720-de88687b248a h1:wq73N6OYiKGIUaTMUb4IikS+vIRQWWgCVW1QibgF0zc=
github.com/lunfardo314/easyfl v0.0.0-20221026073720-de88687b248a/go.mod h1:1JSOOW2hpxBfv119SqPEcaIsOU8j+9B5nxUragD8qJM=
github.com/lunfardo314/easyfl v0.0.0-20221026075424-1e4e458a2027 h1:BK8ZxyHXPmPa4MVyTaupCObjB1xJ4lb87iA/lFlu2Ko=
github.com/lunfardo314/easyfl v0.0.0-20221026075424-1e4e458a2027/go.mod h1:1JSOOW2hpxBfv119SqPEcaIsOU8j+9B5nxUragD8qJM=
github.com/lunfardo314/easyfl v0.0.0-20221026132749-d01d9d2c2dc0 h1:xi93FnO2HzUj9NiK4T8F4RNfbhpIdEOBQ787IQYAUFI=
github.com/lunfardo314/easyfl v0.0.0-20221026132749-d01d9d2c2dc0/go.mod h1:1JSOOW2hpxBfv119SqPEcaIsOU8j+9B5nxUragD8qJM=
github.com/lunfardo314/easyfl v0.0.0-20221027083526-569d5d269fa1 h1:ZgIEDq7XOAtq7M2Iz4bjMAbaK2FcRBEK6xuYjKeavBQ=
github.com/lunfardo314/easyfl v0.0.0-20221027083526-569d5d269fa1/go.mod h1:1JSOOW2hpxBfv119SqPEcaIsOU8j+9B5nxUragD8qJM=
github.com/lunfardo314/easyfl v0.0.0-20221027115444-23c9f68e2499 h1:c2d8fF26QVF5BqMeWQjqStu2iqYSFZSO6qjYQLPr7cg=
github.com/lunfardo314/easyfl v0.0.0-20221027115444-23c9f68e2499/go.mod h1:1JSOOW2hpxBfv119SqPEcaIsOU8j+9B5nxUragD8qJM=
github.com/lunfardo314/easyfl v0.0.0-20221027172550-2e37b43eab67 h1:tKN5NuldvHu4StrTslaune/TrbePLlRJ3OEGWHixfLM=
github.com/lunfardo314/easyfl v0.0.0-20221027172550-2e37b43eab67/go.mod h1:1JSOOW2hpxBfv119SqPEcaIsOU8j+9B5nxUragD8qJM=
github.com/lunfardo314/easyfl v0.0.0-20221027175351-48ae0aded861 h1:ha09rYJk1rrIGf+ecw6sy0JeVNry5q0tEc/gaMS/920=
github.com/lunfardo314/easyfl v0.0.0-20221027175351-48ae0aded861/go.mod h1:1JSOOW2hpxBfv119SqPEcaIsOU8j+9B5nxUragD8qJM=
github.com/lunfardo314/easyfl v0.0.0-20221029085105-2508a7f0d686 h1:yjWTB3XvgdEnoTxUN3Exsdcgq9eqQ7JlM0xCyWjwDJI=
github.com/lunfardo314/easyfl v0.0.0-20221029085105-2508a7f0d686/go.mod h1:1JSOOW2hpxBfv119SqPEcaIsOU8j+9B5nxUragD8qJM=
github.com/lunfardo314/easyfl v0.0.0-20221029090441-469340288bb5 h1:GXIMkpL4GsJojVj58Yq9rZdJ3iGD3AOfiEPlkywitMY=
github.com/lunfardo314/easyfl v0.0.0-20221029090441-469340288bb5/go.mod h1:1JSOOW2hpxBfv119SqPEcaIsOU8j+9B5nxUragD8qJM=
github.com/lunfardo314/easyfl v0.0.0-20221029095947-5fcfce3a1b13 h1:+n3jpsz17qhNkXXT2xwLEaetJ7aC5G36k0asXiOPoq0=
github.com/lunfardo314/easyfl v0.0.0-20221029095947-5fcfce3a1b13/go.mod h1:1JSOOW2hpxBfv119SqPEcaIsOU8j+9B5nxUragD8qJM=
github.com/lunfardo314/easyfl v0.0.0-20221029101158-3e39077adb0c h1:ELn1wC7xNazrUMRE/Dj45ExCaa/DDQNnZTHhH2jZnH8=
github.com/lunfardo314/easyfl v0.0.0-20221029101158-3e39077adb0c/go.mod h1:1JSOOW2hpxBfv119SqPEcaIsOU8j+9B5nxUragD8qJM=
github.com/pmezard/go-difflib v1.0.0 h1:4DBwDE0NGyQoBHbLQYPwSUPoCMWR5BEzIk/f1lZbAQM=
github.com/pmezard/go-difflib v1.0.0/go.mod h1:iKH77koFhYxTK1pcRnkKkqfTogsbg7gZNVY4sRDYZ/4=
github.com/stretchr/objx v0.1.0/go.mod h1:HFkY916IF+rwdDfMAkV7OtwuqBVzrE8GR6GFx+wExME=
github.com/stretchr/objx v0.4.0/go.mod h1:YvHI0jy2hoMjB+UWwv71VJQ9isScKT/TqJzVSSt89Yw=
github.com/stretchr/objx v0.5.0/go.mod h1:Yh+to48EsGEfYuaHDzXPcE3xhTkx73EhmCGUpEOglKo=
github.com/stretchr/testify v1.7.1/go.mod h1:6Fq8oRcR53rry900zMqJjRRixrwX3KX962/h/Wwjteg=
github.com/stretchr/testify v1.8.0/go.mod h1:yNjHg4UonilssWZ8iaSj1OCr/vHnekPRkoO+kdMU+MU=
github.com/stretchr/testify v1.8.1 h1:w7B6lhMri9wdJUVmEZPGGhZzrYTPvgJArz7wNPgYKsk=
github.com/stretchr/testify v1.8.1/go.mod h1:w2LPCIKwWwSfY2zedu0+kehJoqGctiVI29o6fzry7u4=
golang.org/x/crypto v0.1.0 h1:MDRAIl0xIo9Io2xV565hzXHw3zVseKrJKodhohM5CjU=
golang.org/x/crypto v0.1.0/go.mod h1:RecgLatLF4+eUMCP1PoPZQb+cVrJcOPbHkTkbkB9sbw=
golang.org/x/sys v0.1.0 h1:kunALQeHf1/185U1i0GOB/fy1IPRDDpuoOOqRReG57U=
golang.org/x/sys v0.1.0/go.mod h1:oPkhp1MJrh7nUepCBck5+mAzfO9JrbApNNgaTdGDITg=
golang.org/x/xerrors v0.0.0-20220609144429-65e65417b02f h1:uF6paiQQebLeSXkrTqHqz0MXhXXS1KgF41eUdBNvxK0=
golang.org/x/xerrors v0.0.0-20220609144429-65e65417b02f/go.mod h1:K8+ghG5WaK9qNqU5K3HdILfMLy1f3aNYFI/wnl100a8=
gopkg.in/check.v1 v0.0.0-20161208181325-20d25e280405 h1:yhCVgyC4o1eVCa2tZl7eS0r+SDo693bJlVdllGtEeKM=
gopkg.in/check.v1 v0.0.0-20161208181325-20d25e280405/go.mod h1:Co6ibVJAznAaIkqp8huTwlJQCZ016jof/cbN4VW5Yz0=
gopkg.in/yaml.v3 v3.0.0-20200313102051-9f266ea9e77c/go.mod h1:K4uyk7z7BCEPqu6E+C64Yfv1cQ7kz7rIZviUmN+EgEM=
gopkg.in/yaml.v3 v3.0.1 h1:fxVm/GzAzEWqLHuvctI91KS9hhNmmWOoWu0XTYJS7CA=
gopkg.in/yaml.v3 v3.0.1/go.mod h1:K4uyk7z7BCEPqu6E+C64Yfv1cQ7kz7rIZviUmN+EgEM=
